
Microsoft Visual Studio Solution File, Format Version 12.00
# Visual Studio Version 16
VisualStudioVersion = 16.0.32602.291
MinimumVisualStudioVersion = 10.0.40219.1
Project("{FAE04EC0-301F-11D3-BF4B-00C04F79EFBC}") = "ForOleksiyAspNet5", "ForOleksiyAspNet5.csproj", "{8CFCAB9D-8688-4721-ACE6-C53ED0A552D2}"
EndProject
Global
	GlobalSection(SolutionConfigurationPlatforms) = preSolution
		Debug|Any CPU = Debug|Any CPU
		Release|Any CPU = Release|Any CPU
	EndGlobalSection
	GlobalSection(ProjectConfigurationPlatforms) = postSolution
		{8CFCAB9D-8688-4721-ACE6-C53ED0A552D2}.Debug|Any CPU.ActiveCfg = Debug|Any CPU
		{8CFCAB9D-8688-4721-ACE6-C53ED0A552D2}.Debug|Any CPU.Build.0 = Debug|Any CPU
		{8CFCAB9D-8688-4721-ACE6-C53ED0A552D2}.Release|Any CPU.ActiveCfg = Release|Any CPU
		{8CFCAB9D-8688-4721-ACE6-C53ED0A552D2}.Release|Any CPU.Build.0 = Release|Any CPU
	EndGlobalSection
	GlobalSection(SolutionProperties) = preSolution
		HideSolutionNode = FALSE
	EndGlobalSection
	GlobalSection(ExtensibilityGlobals) = postSolution
		SolutionGuid = {2B2377F4-6C14-409F-AACD-DFE720134591}
	EndGlobalSection
EndGlobal
